
Microsoft Visual Studio Solution File, Format Version 12.00
# Visual Studio Version 17
VisualStudioVersion = 17.5.33424.131
MinimumVisualStudioVersion = 10.0.40219.1
Project("{FAE04EC0-301F-11D3-BF4B-00C04F79EFBC}") = "DazUnpacker", "DazUnpacker.csproj", "{B47705D3-FB3C-4037-BA92-75476B6F944B}"
EndProject
Global
	GlobalSection(SolutionConfigurationPlatforms) = preSolution
		Debug|Any CPU = Debug|Any CPU
		Release|Any CPU = Release|Any CPU
	EndGlobalSection
	GlobalSection(ProjectConfigurationPlatforms) = postSolution
		{B47705D3-FB3C-4037-BA92-75476B6F944B}.Debug|Any CPU.ActiveCfg = Debug|Any CPU
		{B47705D3-FB3C-4037-BA92-75476B6F944B}.Debug|Any CPU.Build.0 = Debug|Any CPU
		{B47705D3-FB3C-4037-BA92-75476B6F944B}.Release|Any CPU.ActiveCfg = Release|Any CPU
		{B47705D3-FB3C-4037-BA92-75476B6F944B}.Release|Any CPU.Build.0 = Release|Any CPU
	EndGlobalSection
	GlobalSection(SolutionProperties) = preSolution
		HideSolutionNode = FALSE
	EndGlobalSection
	GlobalSection(ExtensibilityGlobals) = postSolution
		SolutionGuid = {88AF04A7-B742-45B6-8D90-E7654E174B6C}
	EndGlobalSection
EndGlobal
